// !$*UTF8*$!
{
	archiveVersion = 1;
	classes = {
	};
	objectVersion = 56;
	objects = {

/* Begin PBXBuildFile section */
		1AD418B66EDAF897569627C5 /* Pods_Chart_Pie_Bar.framework in Frameworks */ = {isa = PBXBuildFile; fileRef = E7392B22AF9165EDF877123F /* Pods_Chart_Pie_Bar.framework */; };
		64DE01562C8992F7007EE389 /* AppDelegate.swift in Sources */ = {isa = PBXBuildFile; fileRef = 64DE01552C8992F7007EE389 /* AppDelegate.swift */; };
		64DE01582C8992F7007EE389 /* SceneDelegate.swift in Sources */ = {isa = PBXBuildFile; fileRef = 64DE01572C8992F7007EE389 /* SceneDelegate.swift */; };
		64DE015A2C8992F7007EE389 /* ViewController.swift in Sources */ = {isa = PBXBuildFile; fileRef = 64DE01592C8992F7007EE389 /* ViewController.swift */; };
		64DE015D2C8992F7007EE389 /* Base in Resources */ = {isa = PBXBuildFile; fileRef = 64DE015C2C8992F7007EE389 /* Base */; };
		64DE015F2C8992F9007EE389 /* Assets.xcassets in Resources */ = {isa = PBXBuildFile; fileRef = 64DE015E2C8992F9007EE389 /* Assets.xcassets */; };
		64DE01622C8992F9007EE389 /* Base in Resources */ = {isa = PBXBuildFile; fileRef = 64DE01612C8992F9007EE389 /* Base */; };
/* End PBXBuildFile section */

/* Begin PBXFileReference section */
		5FCFBE3B00620DA8649D5CA7 /* Pods-Chart_Pie_Bar.release.xcconfig */ = {isa = PBXFileReference; includeInIndex = 1; lastKnownFileType = text.xcconfig; name = "Pods-Chart_Pie_Bar.release.xcconfig"; path = "Target Support Files/Pods-Chart_Pie_Bar/Pods-Chart_Pie_Bar.release.xcconfig"; sourceTree = "<group>"; };
		64DE01522C8992F7007EE389 /* Chart_Pie_Bar.app */ = {isa = PBXFileReference; explicitFileType = wrapper.application; includeInIndex = 0; path = Chart_Pie_Bar.app; sourceTree = BUILT_PRODUCTS_DIR; };
		64DE01552C8992F7007EE389 /* AppDelegate.swift */ = {isa = PBXFileReference; lastKnownFileType = sourcecode.swift; path = AppDelegate.swift; sourceTree = "<group>"; };
		64DE01572C8992F7007EE389 /* SceneDelegate.swift */ = {isa = PBXFileReference; lastKnownFileType = sourcecode.swift; path = SceneDelegate.swift; sourceTree = "<group>"; };
		64DE01592C8992F7007EE389 /* ViewController.swift */ = {isa = PBXFileReference; lastKnownFileType = sourcecode.swift; path = ViewController.swift; sourceTree = "<group>"; };
		64DE015C2C8992F7007EE389 /* Base */ = {isa = PBXFileReference; lastKnownFileType = file.storyboard; name = Base; path = Base.lproj/Main.storyboard; sourceTree = "<group>"; };
		64DE015E2C8992F9007EE389 /* Assets.xcassets */ = {isa = PBXFileReference; lastKnownFileType = folder.assetcatalog; path = Assets.xcassets; sourceTree = "<group>"; };
		64DE01612C8992F9007EE389 /* Base */ = {isa = PBXFileReference; lastKnownFileType = file.storyboard; name = Base; path = Base.lproj/LaunchScreen.storyboard; sourceTree = "<group>"; };
		64DE01632C8992F9007EE389 /* Info.plist */ = {isa = PBXFileReference; lastKnownFileType = text.plist.xml; path = Info.plist; sourceTree = "<group>"; };
		C1CF7B8D81EED3B3BAF4CAFA /* Pods-Chart_Pie_Bar.debug.xcconfig */ = {isa = PBXFileReference; includeInIndex = 1; lastKnownFileType = text.xcconfig; name = "Pods-Chart_Pie_Bar.debug.xcconfig"; path = "Target Support Files/Pods-Chart_Pie_Bar/Pods-Chart_Pie_Bar.debug.xcconfig"; sourceTree = "<group>"; };
		E7392B22AF9165EDF877123F /* Pods_Chart_Pie_Bar.framework */ = {isa = PBXFileReference; explicitFileType = wrapper.framework; includeInIndex = 0; path = Pods_Chart_Pie_Bar.framework; sourceTree = BUILT_PRODUCTS_DIR; };
/* End PBXFileReference section */

/* Begin PBXFrameworksBuildPhase section */
		64DE014F2C8992F7007EE389 /* Frameworks */ = {
			isa = PBXFrameworksBuildPhase;
			buildActionMask = 2147483647;
			files = (
				1AD418B66EDAF897569627C5 /* Pods_Chart_Pie_Bar.framework in Frameworks */,
			);
			runOnlyForDeploymentPostprocessing = 0;
		};
/* End PBXFrameworksBuildPhase section */

/* Begin PBXGroup section */
		17BA62A42000C57242F7F255 /* Pods */ = {
			isa = PBXGroup;
			children = (
				C1CF7B8D81EED3B3BAF4CAFA /* Pods-Chart_Pie_Bar.debug.xcconfig */,
				5FCFBE3B00620DA8649D5CA7 /* Pods-Chart_Pie_Bar.release.xcconfig */,
			);
			path = Pods;
			sourceTree = "<group>";
		};
		64DE01492C8992F7007EE389 = {
			isa = PBXGroup;
			children = (
				64DE01542C8992F7007EE389 /* Chart_Pie_Bar */,
				64DE01532C8992F7007EE389 /* Products */,
				17BA62A42000C57242F7F255 /* Pods */,
				A2477FC0B8D8CF10004CB623 /* Frameworks */,
			);
			sourceTree = "<group>";
		};
		64DE01532C8992F7007EE389 /* Products */ = {
			isa = PBXGroup;
			children = (
				64DE01522C8992F7007EE389 /* Chart_Pie_Bar.app */,
			);
			name = Products;
			sourceTree = "<group>";
		};
		64DE01542C8992F7007EE389 /* Chart_Pie_Bar */ = {
			isa = PBXGroup;
			children = (
				64DE01552C8992F7007EE389 /* AppDelegate.swift */,
				64DE01572C8992F7007EE389 /* SceneDelegate.swift */,
				64DE01592C8992F7007EE389 /* ViewController.swift */,
				64DE015B2C8992F7007EE389 /* Main.storyboard */,
				64DE015E2C8992F9007EE389 /* Assets.xcassets */,
				64DE01602C8992F9007EE389 /* LaunchScreen.storyboard */,
				64DE01632C8992F9007EE389 /* Info.plist */,
			);
			path = Chart_Pie_Bar;
			sourceTree = "<group>";
		};
		A2477FC0B8D8CF10004CB623 /* Frameworks */ = {
			isa = PBXGroup;
			children = (
				E7392B22AF9165EDF877123F /* Pods_Chart_Pie_Bar.framework */,
			);
			name = Frameworks;
			sourceTree = "<group>";
		};
/* End PBXGroup section */

/* Begin PBXNativeTarget section */
		64DE01512C8992F7007EE389 /* Chart_Pie_Bar */ = {
			isa = PBXNativeTarget;
			buildConfigurationList = 64DE01662C8992F9007EE389 /* Build configuration list for PBXNativeTarget "Chart_Pie_Bar" */;
			buildPhases = (
				3326810652F8448D56D9FE7C /* [CP] Check Pods Manifest.lock */,
				64DE014E2C8992F7007EE389 /* Sources */,
				64DE014F2C8992F7007EE389 /* Frameworks */,
				64DE01502C8992F7007EE389 /* Resources */,
				CEC931DF8796E0F9CD7CC287 /* [CP] Embed Pods Frameworks */,
			);
			buildRules = (
			);
			dependencies = (
			);
			name = Chart_Pie_Bar;
			productName = Chart_Pie_Bar;
			productReference = 64DE01522C8992F7007EE389 /* Chart_Pie_Bar.app */;
			productType = "com.apple.product-type.application";
		};
/* End PBXNativeTarget section */

/* Begin PBXProject section */
		64DE014A2C8992F7007EE389 /* Project object */ = {
			isa = PBXProject;
			attributes = {
				BuildIndependentTargetsInParallel = 1;
				LastSwiftUpdateCheck = 1540;
				LastUpgradeCheck = 1540;
				TargetAttributes = {
					64DE01512C8992F7007EE389 = {
						CreatedOnToolsVersion = 15.4;
					};
				};
			};
			buildConfigurationList = 64DE014D2C8992F7007EE389 /* Build configuration list for PBXProject "Chart_Pie_Bar" */;
			compatibilityVersion = "Xcode 14.0";
			developmentRegion = en;
			hasScannedForEncodings = 0;
			knownRegions = (
				en,
				Base,
			);
			mainGroup = 64DE01492C8992F7007EE389;
			productRefGroup = 64DE01532C8992F7007EE389 /* Products */;
			projectDirPath = "";
			projectRoot = "";
			targets = (
				64DE01512C8992F7007EE389 /* Chart_Pie_Bar */,
			);
		};
/* End PBXProject section */

/* Begin PBXResourcesBuildPhase section */
		64DE01502C8992F7007EE389 /* Resources */ = {
			isa = PBXResourcesBuildPhase;
			buildActionMask = 2147483647;
			files = (
				64DE015F2C8992F9007EE389 /* Assets.xcassets in Resources */,
				64DE01622C8992F9007EE389 /* Base in Resources */,
				64DE015D2C8992F7007EE389 /* Base in Resources */,
			);
			runOnlyForDeploymentPostprocessing = 0;
		};
/* End PBXResourcesBuildPhase section */

/* Begin PBXShellScriptBuildPhase section */
		3326810652F8448D56D9FE7C /* [CP] Check Pods Manifest.lock */ = {
			isa = PBXShellScriptBuildPhase;
			buildActionMask = 2147483647;
			files = (
			);
			inputFileListPaths = (
			);
			inputPaths = (
				"${PODS_PODFILE_DIR_PATH}/Podfile.lock",
				"${PODS_ROOT}/Manifest.lock",
			);
			name = "[CP] Check Pods Manifest.lock";
			outputFileListPaths = (
			);
			outputPaths = (
				"$(DERIVED_FILE_DIR)/Pods-Chart_Pie_Bar-checkManifestLockResult.txt",
			);
			runOnlyForDeploymentPostprocessing = 0;
			shellPath = /bin/sh;
			shellScript = "diff \"${PODS_PODFILE_DIR_PATH}/Podfile.lock\" \"${PODS_ROOT}/Manifest.lock\" > /dev/null\nif [ $? != 0 ] ; then\n    # print error to STDERR\n    echo \"error: The sandbox is not in sync with the Podfile.lock. Run 'pod install' or update your CocoaPods installation.\" >&2\n    exit 1\nfi\n# This output is used by Xcode 'outputs' to avoid re-running this script phase.\necho \"SUCCESS\" > \"${SCRIPT_OUTPUT_FILE_0}\"\n";
			showEnvVarsInLog = 0;
		};
		CEC931DF8796E0F9CD7CC287 /* [CP] Embed Pods Frameworks */ = {
			isa = PBXShellScriptBuildPhase;
			buildActionMask = 2147483647;
			files = (
			);
			inputFileListPaths = (
				"${PODS_ROOT}/Target Support Files/Pods-Chart_Pie_Bar/Pods-Chart_Pie_Bar-frameworks-${CONFIGURATION}-input-files.xcfilelist",
			);
			name = "[CP] Embed Pods Frameworks";
			outputFileListPaths = (
				"${PODS_ROOT}/Target Support Files/Pods-Chart_Pie_Bar/Pods-Chart_Pie_Bar-frameworks-${CONFIGURATION}-output-files.xcfilelist",
			);
			runOnlyForDeploymentPostprocessing = 0;
			shellPath = /bin/sh;
			shellScript = "\"${PODS_ROOT}/Target Support Files/Pods-Chart_Pie_Bar/Pods-Chart_Pie_Bar-frameworks.sh\"\n";
			showEnvVarsInLog = 0;
		};
/* End PBXShellScriptBuildPhase section */

/* Begin PBXSourcesBuildPhase section */
		64DE014E2C8992F7007EE389 /* Sources */ = {
			isa = PBXSourcesBuildPhase;
			buildActionMask = 2147483647;
			files = (
				64DE015A2C8992F7007EE389 /* ViewController.swift in Sources */,
				64DE01562C8992F7007EE389 /* AppDelegate.swift in Sources */,
				64DE01582C8992F7007EE389 /* SceneDelegate.swift in Sources */,
			);
			runOnlyForDeploymentPostprocessing = 0;
		};
/* End PBXSourcesBuildPhase section */

/* Begin PBXVariantGroup section */
		64DE015B2C8992F7007EE389 /* Main.storyboard */ = {
			isa = PBXVariantGroup;
			children = (
				64DE015C2C8992F7007EE389 /* Base */,
			);
			name = Main.storyboard;
			sourceTree = "<group>";
		};
		64DE01602C8992F9007EE389 /* LaunchScreen.storyboard */ = {
			isa = PBXVariantGroup;
			children = (
				64DE01612C8992F9007EE389 /* Base */,
			);
			name = LaunchScreen.storyboard;
			sourceTree = "<group>";
		};
/* End PBXVariantGroup section */

/* Begin XCBuildConfiguration section */
		64DE01642C8992F9007EE389 /* Debug */ = {
			isa = XCBuildConfiguration;
			buildSettings = {
				ALWAYS_SEARCH_USER_PATHS = NO;
				ASSETCATALOG_COMPILER_GENERATE_SWIFT_ASSET_SYMBOL_EXTENSIONS = YES;
				CLANG_ANALYZER_NONNULL = YES;
				CLANG_ANALYZER_NUMBER_OBJECT_CONVERSION = YES_AGGRESSIVE;
				CLANG_CXX_LANGUAGE_STANDARD = "gnu++20";
				CLANG_ENABLE_MODULES = YES;
				CLANG_ENABLE_OBJC_ARC = YES;
				CLANG_ENABLE_OBJC_WEAK = YES;
				CLANG_WARN_BLOCK_CAPTURE_AUTORELEASING = YES;
				CLANG_WARN_BOOL_CONVERSION = YES;
				CLANG_WARN_COMMA = YES;
				CLANG_WARN_CONSTANT_CONVERSION = YES;
				CLANG_WARN_DEPRECATED_OBJC_IMPLEMENTATIONS = YES;
				CLANG_WARN_DIRECT_OBJC_ISA_USAGE = YES_ERROR;
				CLANG_WARN_DOCUMENTATION_COMMENTS = YES;
				CLANG_WARN_EMPTY_BODY = YES;
				CLANG_WARN_ENUM_CONVERSION = YES;
				CLANG_WARN_INFINITE_RECURSION = YES;
				CLANG_WARN_INT_CONVERSION = YES;
				CLANG_WARN_NON_LITERAL_NULL_CONVERSION = YES;
				CLANG_WARN_OBJC_IMPLICIT_RETAIN_SELF = YES;
				CLANG_WARN_OBJC_LITERAL_CONVERSION = YES;
				CLANG_WARN_OBJC_ROOT_CLASS = YES_ERROR;
				CLANG_WARN_QUOTED_INCLUDE_IN_FRAMEWORK_HEADER = YES;
				CLANG_WARN_RANGE_LOOP_ANALYSIS = YES;
				CLANG_WARN_STRICT_PROTOTYPES = YES;
				CLANG_WARN_SUSPICIOUS_MOVE = YES;
				CLANG_WARN_UNGUARDED_AVAILABILITY = YES_AGGRESSIVE;
				CLANG_WARN_UNREACHABLE_CODE = YES;
				CLANG_WARN__DUPLICATE_METHOD_MATCH = YES;
				COPY_PHASE_STRIP = NO;
				DEBUG_INFORMATION_FORMAT = dwarf;
				ENABLE_STRICT_OBJC_MSGSEND = YES;
				ENABLE_TESTABILITY = YES;
				ENABLE_USER_SCRIPT_SANDBOXING = YES;
				GCC_C_LANGUAGE_STANDARD = gnu17;
				GCC_DYNAMIC_NO_PIC = NO;
				GCC_NO_COMMON_BLOCKS = YES;
				GCC_OPTIMIZATION_LEVEL = 0;
				GCC_PREPROCESSOR_DEFINITIONS = (
					"DEBUG=1",
					"$(inherited)",
				);
				GCC_WARN_64_TO_32_BIT_CONVERSION = YES;
				GCC_WARN_ABOUT_RETURN_TYPE = YES_ERROR;
				GCC_WARN_UNDECLARED_SELECTOR = YES;
				GCC_WARN_UNINITIALIZED_AUTOS = YES_AGGRESSIVE;
				GCC_WARN_UNUSED_FUNCTION = YES;
				GCC_WARN_UNUSED_VARIABLE = YES;
				IPHONEOS_DEPLOYMENT_TARGET = 17.5;
				LOCALIZATION_PREFERS_STRING_CATALOGS = YES;
				MTL_ENABLE_DEBUG_INFO = INCLUDE_SOURCE;
				MTL_FAST_MATH = YES;
				ONLY_ACTIVE_ARCH = YES;
				SDKROOT = iphoneos;
				SWIFT_ACTIVE_COMPILATION_CONDITIONS = "DEBUG $(inherited)";
				SWIFT_OPTIMIZATION_LEVEL = "-Onone";
			};
			name = Debug;
		};
		64DE01652C8992F9007EE389 /* Release */ = {
			isa = XCBuildConfiguration;
			buildSettings = {
				ALWAYS_SEARCH_USER_PATHS = NO;
				ASSETCATALOG_COMPILER_GENERATE_SWIFT_ASSET_SYMBOL_EXTENSIONS = YES;
				CLANG_ANALYZER_NONNULL = YES;
				CLANG_ANALYZER_NUMBER_OBJECT_CONVERSION = YES_AGGRESSIVE;
				CLANG_CXX_LANGUAGE_STANDARD = "gnu++20";
				CLANG_ENABLE_MODULES = YES;
				CLANG_ENABLE_OBJC_ARC = YES;
				CLANG_ENABLE_OBJC_WEAK = YES;
				CLANG_WARN_BLOCK_CAPTURE_AUTORELEASING = YES;
				CLANG_WARN_BOOL_CONVERSION = YES;
				CLANG_WARN_COMMA = YES;
				CLANG_WARN_CONSTANT_CONVERSION = YES;
				CLANG_WARN_DEPRECATED_OBJC_IMPLEMENTATIONS = YES;
				CLANG_WARN_DIRECT_OBJC_ISA_USAGE = YES_ERROR;
				CLANG_WARN_DOCUMENTATION_COMMENTS = YES;
				CLANG_WARN_EMPTY_BODY = YES;
				CLANG_WARN_ENUM_CONVERSION = YES;
				CLANG_WARN_INFINITE_RECURSION = YES;
				CLANG_WARN_INT_CONVERSION = YES;
				CLANG_WARN_NON_LITERAL_NULL_CONVERSION = YES;
				CLANG_WARN_OBJC_IMPLICIT_RETAIN_SELF = YES;
				CLANG_WARN_OBJC_LITERAL_CONVERSION = YES;
				CLANG_WARN_OBJC_ROOT_CLASS = YES_ERROR;
				CLANG_WARN_QUOTED_INCLUDE_IN_FRAMEWORK_HEADER = YES;
				CLANG_WARN_RANGE_LOOP_ANALYSIS = YES;
				CLANG_WARN_STRICT_PROTOTYPES = YES;
				CLANG_WARN_SUSPICIOUS_MOVE = YES;
				CLANG_WARN_UNGUARDED_AVAILABILITY = YES_AGGRESSIVE;
				CLANG_WARN_UNREACHABLE_CODE = YES;
				CLANG_WARN__DUPLICATE_METHOD_MATCH = YES;
				COPY_PHASE_STRIP = NO;
				DEBUG_INFORMATION_FORMAT = "dwarf-with-dsym";
				ENABLE_NS_ASSERTIONS = NO;
				ENABLE_STRICT_OBJC_MSGSEND = YES;
				ENABLE_USER_SCRIPT_SANDBOXING = YES;
				GCC_C_LANGUAGE_STANDARD = gnu17;
				GCC_NO_COMMON_BLOCKS = YES;
				GCC_WARN_64_TO_32_BIT_CONVERSION = YES;
				GCC_WARN_ABOUT_RETURN_TYPE = YES_ERROR;
				GCC_WARN_UNDECLARED_SELECTOR = YES;
				GCC_WARN_UNINITIALIZED_AUTOS = YES_AGGRESSIVE;
				GCC_WARN_UNUSED_FUNCTION = YES;
				GCC_WARN_UNUSED_VARIABLE = YES;
				IPHONEOS_DEPLOYMENT_TARGET = 17.5;
				LOCALIZATION_PREFERS_STRING_CATALOGS = YES;
				MTL_ENABLE_DEBUG_INFO = NO;
				MTL_FAST_MATH = YES;
				SDKROOT = iphoneos;
				SWIFT_COMPILATION_MODE = wholemodule;
				VALIDATE_PRODUCT = YES;
			};
			name = Release;
		};
		64DE01672C8992F9007EE389 /* Debug */ = {
			isa = XCBuildConfiguration;
			baseConfigurationReference = C1CF7B8D81EED3B3BAF4CAFA /* Pods-Chart_Pie_Bar.debug.xcconfig */;
			buildSettings = {
				ASSETCATALOG_COMPILER_APPICON_NAME = AppIcon;
				ASSETCATALOG_COMPILER_GLOBAL_ACCENT_COLOR_NAME = AccentColor;
				CODE_SIGN_STYLE = Automatic;
				CURRENT_PROJECT_VERSION = 1;
				DEVELOPMENT_TEAM = 548GHN83M5;
				ENABLE_USER_SCRIPT_SANDBOXING = NO;
				GENERATE_INFOPLIST_FILE = YES;
				INFOPLIST_FILE = Chart_Pie_Bar/Info.plist;
				INFOPLIST_KEY_UIApplicationSupportsIndirectInputEvents = YES;
				INFOPLIST_KEY_UILaunchStoryboardName = LaunchScreen;
				INFOPLIST_KEY_UIMainStoryboardFile = Main;
				INFOPLIST_KEY_UISupportedInterfaceOrientations_iPad = "UIInterfaceOrientationPortrait UIInterfaceOrientationPortraitUpsideDown UIInterfaceOrientationLandscapeLeft UIInterfaceOrientationLandscapeRight";
				INFOPLIST_KEY_UISupportedInterfaceOrientations_iPhone = "UIInterfaceOrientationPortrait UIInterfaceOrientationLandscapeLeft UIInterfaceOrientationLandscapeRight";
				LD_RUNPATH_SEARCH_PATHS = (
					"$(inherited)",
					"@executable_path/Frameworks",
				);
				MARKETING_VERSION = 1.0;
				PRODUCT_BUNDLE_IDENTIFIER = "com.tdz.Chart-Pie-Bar-";
				PRODUCT_NAME = "$(TARGET_NAME)";
				SWIFT_EMIT_LOC_STRINGS = YES;
				SWIFT_VERSION = 5.0;
				TARGETED_DEVICE_FAMILY = "1,2";
			};
			name = Debug;
		};
		64DE01682C8992F9007EE389 /* Release */ = {
			isa = XCBuildConfiguration;
			baseConfigurationReference = 5FCFBE3B00620DA8649D5CA7 /* Pods-Chart_Pie_Bar.release.xcconfig */;
			buildSettings = {
				ASSETCATALOG_COMPILER_APPICON_NAME = AppIcon;
				ASSETCATALOG_COMPILER_GLOBAL_ACCENT_COLOR_NAME = AccentColor;
				CODE_SIGN_STYLE = Automatic;
				CURRENT_PROJECT_VERSION = 1;
				DEVELOPMENT_TEAM = 548GHN83M5;
				ENABLE_USER_SCRIPT_SANDBOXING = NO;
				GENERATE_INFOPLIST_FILE = YES;
				INFOPLIST_FILE = Chart_Pie_Bar/Info.plist;
				INFOPLIST_KEY_UIApplicationSupportsIndirectInputEvents = YES;
				INFOPLIST_KEY_UILaunchStoryboardName = LaunchScreen;
				INFOPLIST_KEY_UIMainStoryboardFile = Main;
				INFOPLIST_KEY_UISupportedInterfaceOrientations_iPad = "UIInterfaceOrientationPortrait UIInterfaceOrientationPortraitUpsideDown UIInterfaceOrientationLandscapeLeft UIInterfaceOrientationLandscapeRight";
				INFOPLIST_KEY_UISupportedInterfaceOrientations_iPhone = "UIInterfaceOrientationPortrait UIInterfaceOrientationLandscapeLeft UIInterfaceOrientationLandscapeRight";
				LD_RUNPATH_SEARCH_PATHS = (
					"$(inherited)",
					"@executable_path/Frameworks",
				);
				MARKETING_VERSION = 1.0;
				PRODUCT_BUNDLE_IDENTIFIER = "com.tdz.Chart-Pie-Bar-";
				PRODUCT_NAME = "$(TARGET_NAME)";
				SWIFT_EMIT_LOC_STRINGS = YES;
				SWIFT_VERSION = 5.0;
				TARGETED_DEVICE_FAMILY = "1,2";
			};
			name = Release;
		};
/* End XCBuildConfiguration section */

/* Begin XCConfigurationList section */
		64DE014D2C8992F7007EE389 /* Build configuration list for PBXProject "Chart_Pie_Bar" */ = {
			isa = XCConfigurationList;
			buildConfigurations = (
				64DE01642C8992F9007EE389 /* Debug */,
				64DE01652C8992F9007EE389 /* Release */,
			);
			defaultConfigurationIsVisible = 0;
			defaultConfigurationName = Release;
		};
		64DE01662C8992F9007EE389 /* Build configuration list for PBXNativeTarget "Chart_Pie_Bar" */ = {
			isa = XCConfigurationList;
			buildConfigurations = (
				64DE01672C8992F9007EE389 /* Debug */,
				64DE01682C8992F9007EE389 /* Release */,
			);
			defaultConfigurationIsVisible = 0;
			defaultConfigurationName = Release;
		};
/* End XCConfigurationList section */
	};
	rootObject = 64DE014A2C8992F7007EE389 /* Project object */;
}
